
Microsoft Visual Studio Solution File, Format Version 12.00
# Visual Studio 15
VisualStudioVersion = 15.0.26430.12
MinimumVisualStudioVersion = 10.0.40219.1
Project("{FAE04EC0-301F-11D3-BF4B-00C04F79EFBC}") = "01.DebitCardNumber", "DebitCardNumber\01.DebitCardNumber.csproj", "{B4B36ABC-9589-4CA7-AF84-3933D1DB2E26}"
EndProject
Project("{FAE04EC0-301F-11D3-BF4B-00C04F79EFBC}") = "02.RectangleArea", "RectangleArea\02.RectangleArea.csproj", "{65555051-B586-40F5-A2DF-22961A3C6C4F}"
EndProject
Project("{FAE04EC0-301F-11D3-BF4B-00C04F79EFBC}") = "03.MilesToKilometers", "MilesToKilometers\03.MilesToKilometers.csproj", "{CAC2CC7A-F7FC-44FC-9992-520A0AC8E7FB}"
EndProject
Project("{FAE04EC0-301F-11D3-BF4B-00C04F79EFBC}") = "04.BeverageLabels", "BeverageLabels\04.BeverageLabels.csproj", "{F7CD62C9-C4E8-4A87-A69B-DFBCC95704C6}"
EndProject
Project("{FAE04EC0-301F-11D3-BF4B-00C04F79EFBC}") = "05.CharacterStats", "CharacterStats\05.CharacterStats.csproj", "{89449419-0142-4E0C-AD34-60DC4E46E32A}"
EndProject
Global
	GlobalSection(SolutionConfigurationPlatforms) = preSolution
		Debug|Any CPU = Debug|Any CPU
		Release|Any CPU = Release|Any CPU
	EndGlobalSection
	GlobalSection(ProjectConfigurationPlatforms) = postSolution
		{B4B36ABC-9589-4CA7-AF84-3933D1DB2E26}.Debug|Any CPU.ActiveCfg = Debug|Any CPU
		{B4B36ABC-9589-4CA7-AF84-3933D1DB2E26}.Debug|Any CPU.Build.0 = Debug|Any CPU
		{B4B36ABC-9589-4CA7-AF84-3933D1DB2E26}.Release|Any CPU.ActiveCfg = Release|Any CPU
		{B4B36ABC-9589-4CA7-AF84-3933D1DB2E26}.Release|Any CPU.Build.0 = Release|Any CPU
		{65555051-B586-40F5-A2DF-22961A3C6C4F}.Debug|Any CPU.ActiveCfg = Debug|Any CPU
		{65555051-B586-40F5-A2DF-22961A3C6C4F}.Debug|Any CPU.Build.0 = Debug|Any CPU
		{65555051-B586-40F5-A2DF-22961A3C6C4F}.Release|Any CPU.ActiveCfg = Release|Any CPU
		{65555051-B586-40F5-A2DF-22961A3C6C4F}.Release|Any CPU.Build.0 = Release|Any CPU
		{CAC2CC7A-F7FC-44FC-9992-520A0AC8E7FB}.Debug|Any CPU.ActiveCfg = Debug|Any CPU
		{CAC2CC7A-F7FC-44FC-9992-520A0AC8E7FB}.Debug|Any CPU.Build.0 = Debug|Any CPU
		{CAC2CC7A-F7FC-44FC-9992-520A0AC8E7FB}.Release|Any CPU.ActiveCfg = Release|Any CPU
		{CAC2CC7A-F7FC-44FC-9992-520A0AC8E7FB}.Release|Any CPU.Build.0 = Release|Any CPU
		{F7CD62C9-C4E8-4A87-A69B-DFBCC95704C6}.Debug|Any CPU.ActiveCfg = Debug|Any CPU
		{F7CD62C9-C4E8-4A87-A69B-DFBCC95704C6}.Debug|Any CPU.Build.0 = Debug|Any CPU
		{F7CD62C9-C4E8-4A87-A69B-DFBCC95704C6}.Release|Any CPU.ActiveCfg = Release|Any CPU
		{F7CD62C9-C4E8-4A87-A69B-DFBCC95704C6}.Release|Any CPU.Build.0 = Release|Any CPU
		{89449419-0142-4E0C-AD34-60DC4E46E32A}.Debug|Any CPU.ActiveCfg = Debug|Any CPU
		{89449419-0142-4E0C-AD34-60DC4E46E32A}.Debug|Any CPU.Build.0 = Debug|Any CPU
		{89449419-0142-4E0C-AD34-60DC4E46E32A}.Release|Any CPU.ActiveCfg = Release|Any CPU
		{89449419-0142-4E0C-AD34-60DC4E46E32A}.Release|Any CPU.Build.0 = Release|Any CPU
	EndGlobalSection
	GlobalSection(SolutionProperties) = preSolution
		HideSolutionNode = FALSE
	EndGlobalSection
EndGlobal
