
Microsoft Visual Studio Solution File, Format Version 12.00
# Visual Studio 15
VisualStudioVersion = 15.0.26430.12
MinimumVisualStudioVersion = 10.0.40219.1
Project("{FAE04EC0-301F-11D3-BF4B-00C04F79EFBC}") = "01.Phonebook", "Phonebook\01.Phonebook.csproj", "{0EB038E0-4FC6-44AA-89E5-389960DD0C2F}"
EndProject
Project("{FAE04EC0-301F-11D3-BF4B-00C04F79EFBC}") = "02.PhonebookUpgrade", "PhonebookUpgrade\02.PhonebookUpgrade.csproj", "{9B7F7CB8-7BB1-455E-B296-A3A177586DCF}"
EndProject
Project("{FAE04EC0-301F-11D3-BF4B-00C04F79EFBC}") = "03.MinerTask", "MinerTask\03.MinerTask.csproj", "{115A3F47-9922-4977-8D9B-E443F21B19E8}"
EndProject
Project("{FAE04EC0-301F-11D3-BF4B-00C04F79EFBC}") = "04.FixEmails", "FixEmails\04.FixEmails.csproj", "{3106503E-4BAD-48EC-9262-7B4A312759F9}"
EndProject
Project("{FAE04EC0-301F-11D3-BF4B-00C04F79EFBC}") = "05.HandsOfCards", "HandsOfCards\05.HandsOfCards.csproj", "{4E44D1C6-A802-4CC8-8272-2FE631291F83}"
EndProject
Project("{FAE04EC0-301F-11D3-BF4B-00C04F79EFBC}") = "08.LogsAggregator", "LogsAggregator\08.LogsAggregator.csproj", "{177BE313-7EF6-46A0-8010-7A0EC1119F13}"
EndProject
Project("{FAE04EC0-301F-11D3-BF4B-00C04F79EFBC}") = "07.PopulationCounter", "PopulationCounter\07.PopulationCounter.csproj", "{4D07FBD5-2689-468C-998E-4A1827ECA820}"
EndProject
Project("{FAE04EC0-301F-11D3-BF4B-00C04F79EFBC}") = "09.LegendaryFarming", "LegendaryFarming\09.LegendaryFarming.csproj", "{D011819B-8486-42D7-9F23-937DCCBA54FC}"
EndProject
Project("{FAE04EC0-301F-11D3-BF4B-00C04F79EFBC}") = "06.UserLogs", "UserLogs\06.UserLogs.csproj", "{32D004BE-DC3B-4673-9CFD-2956CBE3D3D7}"
EndProject
Project("{FAE04EC0-301F-11D3-BF4B-00C04F79EFBC}") = "10.SrubskoUnleashed", "SrubskoUnleashed\10.SrubskoUnleashed.csproj", "{B484DA03-5DE5-406E-871D-9827C4865EBE}"
EndProject
Project("{FAE04EC0-301F-11D3-BF4B-00C04F79EFBC}") = "11.DragonArmy", "DragonArmy\11.DragonArmy.csproj", "{AB0F06AC-0CA0-40BA-8620-ECC2FBDD04C5}"
EndProject
Global
	GlobalSection(SolutionConfigurationPlatforms) = preSolution
		Debug|Any CPU = Debug|Any CPU
		Debug|ARM = Debug|ARM
		Debug|x64 = Debug|x64
		Debug|x86 = Debug|x86
		Release|Any CPU = Release|Any CPU
		Release|ARM = Release|ARM
		Release|x64 = Release|x64
		Release|x86 = Release|x86
	EndGlobalSection
	GlobalSection(ProjectConfigurationPlatforms) = postSolution
		{0EB038E0-4FC6-44AA-89E5-389960DD0C2F}.Debug|Any CPU.ActiveCfg = Debug|Any CPU
		{0EB038E0-4FC6-44AA-89E5-389960DD0C2F}.Debug|Any CPU.Build.0 = Debug|Any CPU
		{0EB038E0-4FC6-44AA-89E5-389960DD0C2F}.Debug|ARM.ActiveCfg = Debug|Any CPU
		{0EB038E0-4FC6-44AA-89E5-389960DD0C2F}.Debug|ARM.Build.0 = Debug|Any CPU
		{0EB038E0-4FC6-44AA-89E5-389960DD0C2F}.Debug|x64.ActiveCfg = Debug|Any CPU
		{0EB038E0-4FC6-44AA-89E5-389960DD0C2F}.Debug|x64.Build.0 = Debug|Any CPU
		{0EB038E0-4FC6-44AA-89E5-389960DD0C2F}.Debug|x86.ActiveCfg = Debug|Any CPU
		{0EB038E0-4FC6-44AA-89E5-389960DD0C2F}.Debug|x86.Build.0 = Debug|Any CPU
		{0EB038E0-4FC6-44AA-89E5-389960DD0C2F}.Release|Any CPU.ActiveCfg = Release|Any CPU
		{0EB038E0-4FC6-44AA-89E5-389960DD0C2F}.Release|Any CPU.Build.0 = Release|Any CPU
		{0EB038E0-4FC6-44AA-89E5-389960DD0C2F}.Release|ARM.ActiveCfg = Release|Any CPU
		{0EB038E0-4FC6-44AA-89E5-389960DD0C2F}.Release|ARM.Build.0 = Release|Any CPU
		{0EB038E0-4FC6-44AA-89E5-389960DD0C2F}.Release|x64.ActiveCfg = Release|Any CPU
		{0EB038E0-4FC6-44AA-89E5-389960DD0C2F}.Release|x64.Build.0 = Release|Any CPU
		{0EB038E0-4FC6-44AA-89E5-389960DD0C2F}.Release|x86.ActiveCfg = Release|Any CPU
		{0EB038E0-4FC6-44AA-89E5-389960DD0C2F}.Release|x86.Build.0 = Release|Any CPU
		{9B7F7CB8-7BB1-455E-B296-A3A177586DCF}.Debug|Any CPU.ActiveCfg = Debug|Any CPU
		{9B7F7CB8-7BB1-455E-B296-A3A177586DCF}.Debug|Any CPU.Build.0 = Debug|Any CPU
		{9B7F7CB8-7BB1-455E-B296-A3A177586DCF}.Debug|ARM.ActiveCfg = Debug|Any CPU
		{9B7F7CB8-7BB1-455E-B296-A3A177586DCF}.Debug|ARM.Build.0 = Debug|Any CPU
		{9B7F7CB8-7BB1-455E-B296-A3A177586DCF}.Debug|x64.ActiveCfg = Debug|Any CPU
		{9B7F7CB8-7BB1-455E-B296-A3A177586DCF}.Debug|x64.Build.0 = Debug|Any CPU
		{9B7F7CB8-7BB1-455E-B296-A3A177586DCF}.Debug|x86.ActiveCfg = Debug|Any CPU
		{9B7F7CB8-7BB1-455E-B296-A3A177586DCF}.Debug|x86.Build.0 = Debug|Any CPU
		{9B7F7CB8-7BB1-455E-B296-A3A177586DCF}.Release|Any CPU.ActiveCfg = Release|Any CPU
		{9B7F7CB8-7BB1-455E-B296-A3A177586DCF}.Release|Any CPU.Build.0 = Release|Any CPU
		{9B7F7CB8-7BB1-455E-B296-A3A177586DCF}.Release|ARM.ActiveCfg = Release|Any CPU
		{9B7F7CB8-7BB1-455E-B296-A3A177586DCF}.Release|ARM.Build.0 = Release|Any CPU
		{9B7F7CB8-7BB1-455E-B296-A3A177586DCF}.Release|x64.ActiveCfg = Release|Any CPU
		{9B7F7CB8-7BB1-455E-B296-A3A177586DCF}.Release|x64.Build.0 = Release|Any CPU
		{9B7F7CB8-7BB1-455E-B296-A3A177586DCF}.Release|x86.ActiveCfg = Release|Any CPU
		{9B7F7CB8-7BB1-455E-B296-A3A177586DCF}.Release|x86.Build.0 = Release|Any CPU
		{115A3F47-9922-4977-8D9B-E443F21B19E8}.Debug|Any CPU.ActiveCfg = Debug|Any CPU
		{115A3F47-9922-4977-8D9B-E443F21B19E8}.Debug|Any CPU.Build.0 = Debug|Any CPU
		{115A3F47-9922-4977-8D9B-E443F21B19E8}.Debug|ARM.ActiveCfg = Debug|Any CPU
		{115A3F47-9922-4977-8D9B-E443F21B19E8}.Debug|ARM.Build.0 = Debug|Any CPU
		{115A3F47-9922-4977-8D9B-E443F21B19E8}.Debug|x64.ActiveCfg = Debug|Any CPU
		{115A3F47-9922-4977-8D9B-E443F21B19E8}.Debug|x64.Build.0 = Debug|Any CPU
		{115A3F47-9922-4977-8D9B-E443F21B19E8}.Debug|x86.ActiveCfg = Debug|Any CPU
		{115A3F47-9922-4977-8D9B-E443F21B19E8}.Debug|x86.Build.0 = Debug|Any CPU
		{115A3F47-9922-4977-8D9B-E443F21B19E8}.Release|Any CPU.ActiveCfg = Release|Any CPU
		{115A3F47-9922-4977-8D9B-E443F21B19E8}.Release|Any CPU.Build.0 = Release|Any CPU
		{115A3F47-9922-4977-8D9B-E443F21B19E8}.Release|ARM.ActiveCfg = Release|Any CPU
		{115A3F47-9922-4977-8D9B-E443F21B19E8}.Release|ARM.Build.0 = Release|Any CPU
		{115A3F47-9922-4977-8D9B-E443F21B19E8}.Release|x64.ActiveCfg = Release|Any CPU
		{115A3F47-9922-4977-8D9B-E443F21B19E8}.Release|x64.Build.0 = Release|Any CPU
		{115A3F47-9922-4977-8D9B-E443F21B19E8}.Release|x86.ActiveCfg = Release|Any CPU
		{115A3F47-9922-4977-8D9B-E443F21B19E8}.Release|x86.Build.0 = Release|Any CPU
		{3106503E-4BAD-48EC-9262-7B4A312759F9}.Debug|Any CPU.ActiveCfg = Debug|Any CPU
		{3106503E-4BAD-48EC-9262-7B4A312759F9}.Debug|Any CPU.Build.0 = Debug|Any CPU
		{3106503E-4BAD-48EC-9262-7B4A312759F9}.Debug|ARM.ActiveCfg = Debug|Any CPU
		{3106503E-4BAD-48EC-9262-7B4A312759F9}.Debug|ARM.Build.0 = Debug|Any CPU
		{3106503E-4BAD-48EC-9262-7B4A312759F9}.Debug|x64.ActiveCfg = Debug|Any CPU
		{3106503E-4BAD-48EC-9262-7B4A312759F9}.Debug|x64.Build.0 = Debug|Any CPU
		{3106503E-4BAD-48EC-9262-7B4A312759F9}.Debug|x86.ActiveCfg = Debug|Any CPU
		{3106503E-4BAD-48EC-9262-7B4A312759F9}.Debug|x86.Build.0 = Debug|Any CPU
		{3106503E-4BAD-48EC-9262-7B4A312759F9}.Release|Any CPU.ActiveCfg = Release|Any CPU
		{3106503E-4BAD-48EC-9262-7B4A312759F9}.Release|Any CPU.Build.0 = Release|Any CPU
		{3106503E-4BAD-48EC-9262-7B4A312759F9}.Release|ARM.ActiveCfg = Release|Any CPU
		{3106503E-4BAD-48EC-9262-7B4A312759F9}.Release|ARM.Build.0 = Release|Any CPU
		{3106503E-4BAD-48EC-9262-7B4A312759F9}.Release|x64.ActiveCfg = Release|Any CPU
		{3106503E-4BAD-48EC-9262-7B4A312759F9}.Release|x64.Build.0 = Release|Any CPU
		{3106503E-4BAD-48EC-9262-7B4A312759F9}.Release|x86.ActiveCfg = Release|Any CPU
		{3106503E-4BAD-48EC-9262-7B4A312759F9}.Release|x86.Build.0 = Release|Any CPU
		{4E44D1C6-A802-4CC8-8272-2FE631291F83}.Debug|Any CPU.ActiveCfg = Debug|Any CPU
		{4E44D1C6-A802-4CC8-8272-2FE631291F83}.Debug|Any CPU.Build.0 = Debug|Any CPU
		{4E44D1C6-A802-4CC8-8272-2FE631291F83}.Debug|ARM.ActiveCfg = Debug|Any CPU
		{4E44D1C6-A802-4CC8-8272-2FE631291F83}.Debug|ARM.Build.0 = Debug|Any CPU
		{4E44D1C6-A802-4CC8-8272-2FE631291F83}.Debug|x64.ActiveCfg = Debug|Any CPU
		{4E44D1C6-A802-4CC8-8272-2FE631291F83}.Debug|x64.Build.0 = Debug|Any CPU
		{4E44D1C6-A802-4CC8-8272-2FE631291F83}.Debug|x86.ActiveCfg = Debug|Any CPU
		{4E44D1C6-A802-4CC8-8272-2FE631291F83}.Debug|x86.Build.0 = Debug|Any CPU
		{4E44D1C6-A802-4CC8-8272-2FE631291F83}.Release|Any CPU.ActiveCfg = Release|Any CPU
		{4E44D1C6-A802-4CC8-8272-2FE631291F83}.Release|Any CPU.Build.0 = Release|Any CPU
		{4E44D1C6-A802-4CC8-8272-2FE631291F83}.Release|ARM.ActiveCfg = Release|Any CPU
		{4E44D1C6-A802-4CC8-8272-2FE631291F83}.Release|ARM.Build.0 = Release|Any CPU
		{4E44D1C6-A802-4CC8-8272-2FE631291F83}.Release|x64.ActiveCfg = Release|Any CPU
		{4E44D1C6-A802-4CC8-8272-2FE631291F83}.Release|x64.Build.0 = Release|Any CPU
		{4E44D1C6-A802-4CC8-8272-2FE631291F83}.Release|x86.ActiveCfg = Release|Any CPU
		{4E44D1C6-A802-4CC8-8272-2FE631291F83}.Release|x86.Build.0 = Release|Any CPU
		{177BE313-7EF6-46A0-8010-7A0EC1119F13}.Debug|Any CPU.ActiveCfg = Debug|Any CPU
		{177BE313-7EF6-46A0-8010-7A0EC1119F13}.Debug|Any CPU.Build.0 = Debug|Any CPU
		{177BE313-7EF6-46A0-8010-7A0EC1119F13}.Debug|ARM.ActiveCfg = Debug|Any CPU
		{177BE313-7EF6-46A0-8010-7A0EC1119F13}.Debug|ARM.Build.0 = Debug|Any CPU
		{177BE313-7EF6-46A0-8010-7A0EC1119F13}.Debug|x64.ActiveCfg = Debug|Any CPU
		{177BE313-7EF6-46A0-8010-7A0EC1119F13}.Debug|x64.Build.0 = Debug|Any CPU
		{177BE313-7EF6-46A0-8010-7A0EC1119F13}.Debug|x86.ActiveCfg = Debug|Any CPU
		{177BE313-7EF6-46A0-8010-7A0EC1119F13}.Debug|x86.Build.0 = Debug|Any CPU
		{177BE313-7EF6-46A0-8010-7A0EC1119F13}.Release|Any CPU.ActiveCfg = Release|Any CPU
		{177BE313-7EF6-46A0-8010-7A0EC1119F13}.Release|Any CPU.Build.0 = Release|Any CPU
		{177BE313-7EF6-46A0-8010-7A0EC1119F13}.Release|ARM.ActiveCfg = Release|Any CPU
		{177BE313-7EF6-46A0-8010-7A0EC1119F13}.Release|ARM.Build.0 = Release|Any CPU
		{177BE313-7EF6-46A0-8010-7A0EC1119F13}.Release|x64.ActiveCfg = Release|Any CPU
		{177BE313-7EF6-46A0-8010-7A0EC1119F13}.Release|x64.Build.0 = Release|Any CPU
		{177BE313-7EF6-46A0-8010-7A0EC1119F13}.Release|x86.ActiveCfg = Release|Any CPU
		{177BE313-7EF6-46A0-8010-7A0EC1119F13}.Release|x86.Build.0 = Release|Any CPU
		{4D07FBD5-2689-468C-998E-4A1827ECA820}.Debug|Any CPU.ActiveCfg = Debug|Any CPU
		{4D07FBD5-2689-468C-998E-4A1827ECA820}.Debug|Any CPU.Build.0 = Debug|Any CPU
		{4D07FBD5-2689-468C-998E-4A1827ECA820}.Debug|ARM.ActiveCfg = Debug|Any CPU
		{4D07FBD5-2689-468C-998E-4A1827ECA820}.Debug|ARM.Build.0 = Debug|Any CPU
		{4D07FBD5-2689-468C-998E-4A1827ECA820}.Debug|x64.ActiveCfg = Debug|Any CPU
		{4D07FBD5-2689-468C-998E-4A1827ECA820}.Debug|x64.Build.0 = Debug|Any CPU
		{4D07FBD5-2689-468C-998E-4A1827ECA820}.Debug|x86.ActiveCfg = Debug|Any CPU
		{4D07FBD5-2689-468C-998E-4A1827ECA820}.Debug|x86.Build.0 = Debug|Any CPU
		{4D07FBD5-2689-468C-998E-4A1827ECA820}.Release|Any CPU.ActiveCfg = Release|Any CPU
		{4D07FBD5-2689-468C-998E-4A1827ECA820}.Release|Any CPU.Build.0 = Release|Any CPU
		{4D07FBD5-2689-468C-998E-4A1827ECA820}.Release|ARM.ActiveCfg = Release|Any CPU
		{4D07FBD5-2689-468C-998E-4A1827ECA820}.Release|ARM.Build.0 = Release|Any CPU
		{4D07FBD5-2689-468C-998E-4A1827ECA820}.Release|x64.ActiveCfg = Release|Any CPU
		{4D07FBD5-2689-468C-998E-4A1827ECA820}.Release|x64.Build.0 = Release|Any CPU
		{4D07FBD5-2689-468C-998E-4A1827ECA820}.Release|x86.ActiveCfg = Release|Any CPU
		{4D07FBD5-2689-468C-998E-4A1827ECA820}.Release|x86.Build.0 = Release|Any CPU
		{D011819B-8486-42D7-9F23-937DCCBA54FC}.Debug|Any CPU.ActiveCfg = Debug|Any CPU
		{D011819B-8486-42D7-9F23-937DCCBA54FC}.Debug|Any CPU.Build.0 = Debug|Any CPU
		{D011819B-8486-42D7-9F23-937DCCBA54FC}.Debug|ARM.ActiveCfg = Debug|Any CPU
		{D011819B-8486-42D7-9F23-937DCCBA54FC}.Debug|ARM.Build.0 = Debug|Any CPU
		{D011819B-8486-42D7-9F23-937DCCBA54FC}.Debug|x64.ActiveCfg = Debug|Any CPU
		{D011819B-8486-42D7-9F23-937DCCBA54FC}.Debug|x64.Build.0 = Debug|Any CPU
		{D011819B-8486-42D7-9F23-937DCCBA54FC}.Debug|x86.ActiveCfg = Debug|Any CPU
		{D011819B-8486-42D7-9F23-937DCCBA54FC}.Debug|x86.Build.0 = Debug|Any CPU
		{D011819B-8486-42D7-9F23-937DCCBA54FC}.Release|Any CPU.ActiveCfg = Release|Any CPU
		{D011819B-8486-42D7-9F23-937DCCBA54FC}.Release|Any CPU.Build.0 = Release|Any CPU
		{D011819B-8486-42D7-9F23-937DCCBA54FC}.Release|ARM.ActiveCfg = Release|Any CPU
		{D011819B-8486-42D7-9F23-937DCCBA54FC}.Release|ARM.Build.0 = Release|Any CPU
		{D011819B-8486-42D7-9F23-937DCCBA54FC}.Release|x64.ActiveCfg = Release|Any CPU
		{D011819B-8486-42D7-9F23-937DCCBA54FC}.Release|x64.Build.0 = Release|Any CPU
		{D011819B-8486-42D7-9F23-937DCCBA54FC}.Release|x86.ActiveCfg = Release|Any CPU
		{D011819B-8486-42D7-9F23-937DCCBA54FC}.Release|x86.Build.0 = Release|Any CPU
		{32D004BE-DC3B-4673-9CFD-2956CBE3D3D7}.Debug|Any CPU.ActiveCfg = Debug|Any CPU
		{32D004BE-DC3B-4673-9CFD-2956CBE3D3D7}.Debug|Any CPU.Build.0 = Debug|Any CPU
		{32D004BE-DC3B-4673-9CFD-2956CBE3D3D7}.Debug|ARM.ActiveCfg = Debug|Any CPU
		{32D004BE-DC3B-4673-9CFD-2956CBE3D3D7}.Debug|ARM.Build.0 = Debug|Any CPU
		{32D004BE-DC3B-4673-9CFD-2956CBE3D3D7}.Debug|x64.ActiveCfg = Debug|Any CPU
		{32D004BE-DC3B-4673-9CFD-2956CBE3D3D7}.Debug|x64.Build.0 = Debug|Any CPU
		{32D004BE-DC3B-4673-9CFD-2956CBE3D3D7}.Debug|x86.ActiveCfg = Debug|Any CPU
		{32D004BE-DC3B-4673-9CFD-2956CBE3D3D7}.Debug|x86.Build.0 = Debug|Any CPU
		{32D004BE-DC3B-4673-9CFD-2956CBE3D3D7}.Release|Any CPU.ActiveCfg = Release|Any CPU
		{32D004BE-DC3B-4673-9CFD-2956CBE3D3D7}.Release|Any CPU.Build.0 = Release|Any CPU
		{32D004BE-DC3B-4673-9CFD-2956CBE3D3D7}.Release|ARM.ActiveCfg = Release|Any CPU
		{32D004BE-DC3B-4673-9CFD-2956CBE3D3D7}.Release|ARM.Build.0 = Release|Any CPU
		{32D004BE-DC3B-4673-9CFD-2956CBE3D3D7}.Release|x64.ActiveCfg = Release|Any CPU
		{32D004BE-DC3B-4673-9CFD-2956CBE3D3D7}.Release|x64.Build.0 = Release|Any CPU
		{32D004BE-DC3B-4673-9CFD-2956CBE3D3D7}.Release|x86.ActiveCfg = Release|Any CPU
		{32D004BE-DC3B-4673-9CFD-2956CBE3D3D7}.Release|x86.Build.0 = Release|Any CPU
		{B484DA03-5DE5-406E-871D-9827C4865EBE}.Debug|Any CPU.ActiveCfg = Debug|Any CPU
		{B484DA03-5DE5-406E-871D-9827C4865EBE}.Debug|Any CPU.Build.0 = Debug|Any CPU
		{B484DA03-5DE5-406E-871D-9827C4865EBE}.Debug|ARM.ActiveCfg = Debug|Any CPU
		{B484DA03-5DE5-406E-871D-9827C4865EBE}.Debug|ARM.Build.0 = Debug|Any CPU
		{B484DA03-5DE5-406E-871D-9827C4865EBE}.Debug|x64.ActiveCfg = Debug|Any CPU
		{B484DA03-5DE5-406E-871D-9827C4865EBE}.Debug|x64.Build.0 = Debug|Any CPU
		{B484DA03-5DE5-406E-871D-9827C4865EBE}.Debug|x86.ActiveCfg = Debug|Any CPU
		{B484DA03-5DE5-406E-871D-9827C4865EBE}.Debug|x86.Build.0 = Debug|Any CPU
		{B484DA03-5DE5-406E-871D-9827C4865EBE}.Release|Any CPU.ActiveCfg = Release|Any CPU
		{B484DA03-5DE5-406E-871D-9827C4865EBE}.Release|Any CPU.Build.0 = Release|Any CPU
		{B484DA03-5DE5-406E-871D-9827C4865EBE}.Release|ARM.ActiveCfg = Release|Any CPU
		{B484DA03-5DE5-406E-871D-9827C4865EBE}.Release|ARM.Build.0 = Release|Any CPU
		{B484DA03-5DE5-406E-871D-9827C4865EBE}.Release|x64.ActiveCfg = Release|Any CPU
		{B484DA03-5DE5-406E-871D-9827C4865EBE}.Release|x64.Build.0 = Release|Any CPU
		{B484DA03-5DE5-406E-871D-9827C4865EBE}.Release|x86.ActiveCfg = Release|Any CPU
		{B484DA03-5DE5-406E-871D-9827C4865EBE}.Release|x86.Build.0 = Release|Any CPU
		{AB0F06AC-0CA0-40BA-8620-ECC2FBDD04C5}.Debug|Any CPU.ActiveCfg = Debug|Any CPU
		{AB0F06AC-0CA0-40BA-8620-ECC2FBDD04C5}.Debug|Any CPU.Build.0 = Debug|Any CPU
		{AB0F06AC-0CA0-40BA-8620-ECC2FBDD04C5}.Debug|ARM.ActiveCfg = Debug|Any CPU
		{AB0F06AC-0CA0-40BA-8620-ECC2FBDD04C5}.Debug|ARM.Build.0 = Debug|Any CPU
		{AB0F06AC-0CA0-40BA-8620-ECC2FBDD04C5}.Debug|x64.ActiveCfg = Debug|Any CPU
		{AB0F06AC-0CA0-40BA-8620-ECC2FBDD04C5}.Debug|x64.Build.0 = Debug|Any CPU
		{AB0F06AC-0CA0-40BA-8620-ECC2FBDD04C5}.Debug|x86.ActiveCfg = Debug|Any CPU
		{AB0F06AC-0CA0-40BA-8620-ECC2FBDD04C5}.Debug|x86.Build.0 = Debug|Any CPU
		{AB0F06AC-0CA0-40BA-8620-ECC2FBDD04C5}.Release|Any CPU.ActiveCfg = Release|Any CPU
		{AB0F06AC-0CA0-40BA-8620-ECC2FBDD04C5}.Release|Any CPU.Build.0 = Release|Any CPU
		{AB0F06AC-0CA0-40BA-8620-ECC2FBDD04C5}.Release|ARM.ActiveCfg = Release|Any CPU
		{AB0F06AC-0CA0-40BA-8620-ECC2FBDD04C5}.Release|ARM.Build.0 = Release|Any CPU
		{AB0F06AC-0CA0-40BA-8620-ECC2FBDD04C5}.Release|x64.ActiveCfg = Release|Any CPU
		{AB0F06AC-0CA0-40BA-8620-ECC2FBDD04C5}.Release|x64.Build.0 = Release|Any CPU
		{AB0F06AC-0CA0-40BA-8620-ECC2FBDD04C5}.Release|x86.ActiveCfg = Release|Any CPU
		{AB0F06AC-0CA0-40BA-8620-ECC2FBDD04C5}.Release|x86.Build.0 = Release|Any CPU
	EndGlobalSection
	GlobalSection(SolutionProperties) = preSolution
		HideSolutionNode = FALSE
	EndGlobalSection
EndGlobal
